
Microsoft Visual Studio Solution File, Format Version 12.00
# Visual Studio Version 17
VisualStudioVersion = 17.7.33808.371
MinimumVisualStudioVersion = 10.0.40219.1
Project("{FAE04EC0-301F-11D3-BF4B-00C04F79EFBC}") = "Simulations.Console", "Simulations.Console\Simulations.Console.csproj", "{0699F188-9859-4407-A6C1-69356C12416D}"
EndProject
Project("{FAE04EC0-301F-11D3-BF4B-00C04F79EFBC}") = "Simulations.Logic", "Simulations.Logic\Simulations.Logic.csproj", "{DAAFC55F-E8FA-4218-AEDB-E56AEFFA3E60}"
EndProject
Global
	GlobalSection(SolutionConfigurationPlatforms) = preSolution
		Debug|Any CPU = Debug|Any CPU
		Release|Any CPU = Release|Any CPU
	EndGlobalSection
	GlobalSection(ProjectConfigurationPlatforms) = postSolution
		{0699F188-9859-4407-A6C1-69356C12416D}.Debug|Any CPU.ActiveCfg = Debug|Any CPU
		{0699F188-9859-4407-A6C1-69356C12416D}.Debug|Any CPU.Build.0 = Debug|Any CPU
		{0699F188-9859-4407-A6C1-69356C12416D}.Release|Any CPU.ActiveCfg = Release|Any CPU
		{0699F188-9859-4407-A6C1-69356C12416D}.Release|Any CPU.Build.0 = Release|Any CPU
		{DAAFC55F-E8FA-4218-AEDB-E56AEFFA3E60}.Debug|Any CPU.ActiveCfg = Debug|Any CPU
		{DAAFC55F-E8FA-4218-AEDB-E56AEFFA3E60}.Debug|Any CPU.Build.0 = Debug|Any CPU
		{DAAFC55F-E8FA-4218-AEDB-E56AEFFA3E60}.Release|Any CPU.ActiveCfg = Release|Any CPU
		{DAAFC55F-E8FA-4218-AEDB-E56AEFFA3E60}.Release|Any CPU.Build.0 = Release|Any CPU
	EndGlobalSection
	GlobalSection(SolutionProperties) = preSolution
		HideSolutionNode = FALSE
	EndGlobalSection
	GlobalSection(ExtensibilityGlobals) = postSolution
		SolutionGuid = {2736DBAD-B444-462D-B439-424A8AA665BF}
	EndGlobalSection
EndGlobal
